// !$*UTF8*$!
{
	archiveVersion = 1;
	classes = {
	};
	objectVersion = 56;
	objects = {

/* Begin PBXBuildFile section */
		8C9864AD2C054A75004211DC /* FirebaseAnalytics in Frameworks */ = {isa = PBXBuildFile; productRef = 8C9864AC2C054A75004211DC /* FirebaseAnalytics */; };
		8C9864AF2C054A75004211DC /* FirebaseAnalyticsOnDeviceConversion in Frameworks */ = {isa = PBXBuildFile; productRef = 8C9864AE2C054A75004211DC /* FirebaseAnalyticsOnDeviceConversion */; };
		8C9864B12C054A75004211DC /* FirebaseAnalyticsSwift in Frameworks */ = {isa = PBXBuildFile; productRef = 8C9864B02C054A75004211DC /* FirebaseAnalyticsSwift */; };
		8C9864B32C054A75004211DC /* FirebaseAnalyticsWithoutAdIdSupport in Frameworks */ = {isa = PBXBuildFile; productRef = 8C9864B22C054A75004211DC /* FirebaseAnalyticsWithoutAdIdSupport */; };
		8C9864B52C054A75004211DC /* FirebaseAppCheck in Frameworks */ = {isa = PBXBuildFile; productRef = 8C9864B42C054A75004211DC /* FirebaseAppCheck */; };
		8C9864B72C054C81004211DC /* FirebaseAnalytics in Frameworks */ = {isa = PBXBuildFile; productRef = 8C9864B62C054C81004211DC /* FirebaseAnalytics */; };
		8C9864B92C054C81004211DC /* FirebaseAnalyticsOnDeviceConversion in Frameworks */ = {isa = PBXBuildFile; productRef = 8C9864B82C054C81004211DC /* FirebaseAnalyticsOnDeviceConversion */; };
		8C9864BB2C054C81004211DC /* FirebaseAnalyticsSwift in Frameworks */ = {isa = PBXBuildFile; productRef = 8C9864BA2C054C81004211DC /* FirebaseAnalyticsSwift */; };
		8C9864BD2C054C81004211DC /* FirebaseAnalyticsWithoutAdIdSupport in Frameworks */ = {isa = PBXBuildFile; productRef = 8C9864BC2C054C81004211DC /* FirebaseAnalyticsWithoutAdIdSupport */; };
		8C9864BF2C054C81004211DC /* FirebaseAppCheck in Frameworks */ = {isa = PBXBuildFile; productRef = 8C9864BE2C054C81004211DC /* FirebaseAppCheck */; };
		8C9864C12C054C81004211DC /* FirebaseAppDistribution-Beta in Frameworks */ = {isa = PBXBuildFile; productRef = 8C9864C02C054C81004211DC /* FirebaseAppDistribution-Beta */; };
		8C9864C32C054C81004211DC /* FirebaseAuth in Frameworks */ = {isa = PBXBuildFile; productRef = 8C9864C22C054C81004211DC /* FirebaseAuth */; };
		8C9864C52C054C81004211DC /* FirebaseAuthCombine-Community in Frameworks */ = {isa = PBXBuildFile; productRef = 8C9864C42C054C81004211DC /* FirebaseAuthCombine-Community */; };
		8C9864C72C054C81004211DC /* FirebaseCrashlytics in Frameworks */ = {isa = PBXBuildFile; productRef = 8C9864C62C054C81004211DC /* FirebaseCrashlytics */; };
		8C9864C92C054C81004211DC /* FirebaseDatabase in Frameworks */ = {isa = PBXBuildFile; productRef = 8C9864C82C054C81004211DC /* FirebaseDatabase */; };
		8C9864CB2C054C81004211DC /* FirebaseDatabaseSwift in Frameworks */ = {isa = PBXBuildFile; productRef = 8C9864CA2C054C81004211DC /* FirebaseDatabaseSwift */; };
		8C9864CD2C054C81004211DC /* FirebaseDynamicLinks in Frameworks */ = {isa = PBXBuildFile; productRef = 8C9864CC2C054C81004211DC /* FirebaseDynamicLinks */; };
		8C9864CF2C054C81004211DC /* FirebaseFirestore in Frameworks */ = {isa = PBXBuildFile; productRef = 8C9864CE2C054C81004211DC /* FirebaseFirestore */; };
		8C9864D12C054C81004211DC /* FirebaseFirestoreCombine-Community in Frameworks */ = {isa = PBXBuildFile; productRef = 8C9864D02C054C81004211DC /* FirebaseFirestoreCombine-Community */; };
		8C9864D32C054C81004211DC /* FirebaseFirestoreSwift in Frameworks */ = {isa = PBXBuildFile; productRef = 8C9864D22C054C81004211DC /* FirebaseFirestoreSwift */; };
		8C9864D52C054C81004211DC /* FirebaseFunctions in Frameworks */ = {isa = PBXBuildFile; productRef = 8C9864D42C054C81004211DC /* FirebaseFunctions */; };
		8C9864D72C054C81004211DC /* FirebaseFunctionsCombine-Community in Frameworks */ = {isa = PBXBuildFile; productRef = 8C9864D62C054C81004211DC /* FirebaseFunctionsCombine-Community */; };
		8C9864D92C054C81004211DC /* FirebaseInAppMessaging-Beta in Frameworks */ = {isa = PBXBuildFile; productRef = 8C9864D82C054C81004211DC /* FirebaseInAppMessaging-Beta */; };
		8C9864DB2C054C81004211DC /* FirebaseInAppMessagingSwift-Beta in Frameworks */ = {isa = PBXBuildFile; productRef = 8C9864DA2C054C81004211DC /* FirebaseInAppMessagingSwift-Beta */; };
		8C9864DD2C054C81004211DC /* FirebaseInstallations in Frameworks */ = {isa = PBXBuildFile; productRef = 8C9864DC2C054C81004211DC /* FirebaseInstallations */; };
		8C9864DF2C054C81004211DC /* FirebaseMLModelDownloader in Frameworks */ = {isa = PBXBuildFile; productRef = 8C9864DE2C054C81004211DC /* FirebaseMLModelDownloader */; };
		8C9864E12C054C81004211DC /* FirebaseMessaging in Frameworks */ = {isa = PBXBuildFile; productRef = 8C9864E02C054C81004211DC /* FirebaseMessaging */; };
		8C9864E32C054C81004211DC /* FirebasePerformance in Frameworks */ = {isa = PBXBuildFile; productRef = 8C9864E22C054C81004211DC /* FirebasePerformance */; };
		8C9864E52C054C81004211DC /* FirebaseRemoteConfig in Frameworks */ = {isa = PBXBuildFile; productRef = 8C9864E42C054C81004211DC /* FirebaseRemoteConfig */; };
		8C9864E72C054C81004211DC /* FirebaseRemoteConfigSwift in Frameworks */ = {isa = PBXBuildFile; productRef = 8C9864E62C054C81004211DC /* FirebaseRemoteConfigSwift */; };
		8C9864E92C054C81004211DC /* FirebaseStorage in Frameworks */ = {isa = PBXBuildFile; productRef = 8C9864E82C054C81004211DC /* FirebaseStorage */; };
		8C9864EB2C054C81004211DC /* FirebaseStorageCombine-Community in Frameworks */ = {isa = PBXBuildFile; productRef = 8C9864EA2C054C81004211DC /* FirebaseStorageCombine-Community */; };
		8C9864ED2C054C81004211DC /* FirebaseVertexAI-Preview in Frameworks */ = {isa = PBXBuildFile; productRef = 8C9864EC2C054C81004211DC /* FirebaseVertexAI-Preview */; };
		8C9864F02C05F6E2004211DC /* README.md in Resources */ = {isa = PBXBuildFile; fileRef = 8C9864EF2C05F6E2004211DC /* README.md */; };
		8C9865842C062FFE004211DC /* GoogleService-Info.plist in Resources */ = {isa = PBXBuildFile; fileRef = 8C9865832C062FFE004211DC /* GoogleService-Info.plist */; };
		8CA1D0AC2C023D0500C39C6A /* CatsUIApp.swift in Sources */ = {isa = PBXBuildFile; fileRef = 8CA1D0AB2C023D0500C39C6A /* CatsUIApp.swift */; };
		8CA1D0AE2C023D0500C39C6A /* ContentView.swift in Sources */ = {isa = PBXBuildFile; fileRef = 8CA1D0AD2C023D0500C39C6A /* ContentView.swift */; };
		8CA1D0B02C023D0600C39C6A /* Assets.xcassets in Resources */ = {isa = PBXBuildFile; fileRef = 8CA1D0AF2C023D0600C39C6A /* Assets.xcassets */; };
		8CA1D0B32C023D0600C39C6A /* Preview Assets.xcassets in Resources */ = {isa = PBXBuildFile; fileRef = 8CA1D0B22C023D0600C39C6A /* Preview Assets.xcassets */; };
		8CA1D0D62C024DF600C39C6A /* CatListView.swift in Sources */ = {isa = PBXBuildFile; fileRef = 8CA1D0D52C024DF600C39C6A /* CatListView.swift */; };
		8CA1D0D82C024DF900C39C6A /* CatTileView.swift in Sources */ = {isa = PBXBuildFile; fileRef = 8CA1D0D72C024DF900C39C6A /* CatTileView.swift */; };
		8CA1D0DD2C025EE400C39C6A /* CatDetailsView.swift in Sources */ = {isa = PBXBuildFile; fileRef = 8CA1D0DC2C025EE400C39C6A /* CatDetailsView.swift */; };
		8CA1D0E02C02994800C39C6A /* WrappingHStack in Frameworks */ = {isa = PBXBuildFile; productRef = 8CA1D0DF2C02994800C39C6A /* WrappingHStack */; };
		8CA1D0E22C029FCA00C39C6A /* CatQualityView.swift in Sources */ = {isa = PBXBuildFile; fileRef = 8CA1D0E12C029FCA00C39C6A /* CatQualityView.swift */; };
		8CA1D1132C03560900C39C6A /* CatsNetworking.framework in Frameworks */ = {isa = PBXBuildFile; fileRef = 8CA1D1122C03560900C39C6A /* CatsNetworking.framework */; };
		8CA1D1142C03560900C39C6A /* CatsNetworking.framework in Embed Frameworks */ = {isa = PBXBuildFile; fileRef = 8CA1D1122C03560900C39C6A /* CatsNetworking.framework */; settings = {ATTRIBUTES = (CodeSignOnCopy, RemoveHeadersOnCopy, ); }; };
/* End PBXBuildFile section */

/* Begin PBXCopyFilesBuildPhase section */
		8CA1D1152C03560900C39C6A /* Embed Frameworks */ = {
			isa = PBXCopyFilesBuildPhase;
			buildActionMask = 2147483647;
			dstPath = "";
			dstSubfolderSpec = 10;
			files = (
				8CA1D1142C03560900C39C6A /* CatsNetworking.framework in Embed Frameworks */,
			);
			name = "Embed Frameworks";
			runOnlyForDeploymentPostprocessing = 0;
		};
/* End PBXCopyFilesBuildPhase section */

/* Begin PBXFileReference section */
		8C9864EF2C05F6E2004211DC /* README.md */ = {isa = PBXFileReference; lastKnownFileType = net.daringfireball.markdown; path = README.md; sourceTree = "<group>"; };
		8C9865832C062FFE004211DC /* GoogleService-Info.plist */ = {isa = PBXFileReference; fileEncoding = 4; lastKnownFileType = text.plist.xml; name = "GoogleService-Info.plist"; path = "../../GoogleService-Info.plist"; sourceTree = "<group>"; };
		8CA1D0A82C023D0500C39C6A /* CatsUI.app */ = {isa = PBXFileReference; explicitFileType = wrapper.application; includeInIndex = 0; path = CatsUI.app; sourceTree = BUILT_PRODUCTS_DIR; };
		8CA1D0AB2C023D0500C39C6A /* CatsUIApp.swift */ = {isa = PBXFileReference; lastKnownFileType = sourcecode.swift; path = CatsUIApp.swift; sourceTree = "<group>"; };
		8CA1D0AD2C023D0500C39C6A /* ContentView.swift */ = {isa = PBXFileReference; lastKnownFileType = sourcecode.swift; path = ContentView.swift; sourceTree = "<group>"; };
		8CA1D0AF2C023D0600C39C6A /* Assets.xcassets */ = {isa = PBXFileReference; lastKnownFileType = folder.assetcatalog; path = Assets.xcassets; sourceTree = "<group>"; };
		8CA1D0B22C023D0600C39C6A /* Preview Assets.xcassets */ = {isa = PBXFileReference; lastKnownFileType = folder.assetcatalog; path = "Preview Assets.xcassets"; sourceTree = "<group>"; };
		8CA1D0D52C024DF600C39C6A /* CatListView.swift */ = {isa = PBXFileReference; fileEncoding = 4; lastKnownFileType = sourcecode.swift; path = CatListView.swift; sourceTree = "<group>"; };
		8CA1D0D72C024DF900C39C6A /* CatTileView.swift */ = {isa = PBXFileReference; fileEncoding = 4; lastKnownFileType = sourcecode.swift; path = CatTileView.swift; sourceTree = "<group>"; };
		8CA1D0DC2C025EE400C39C6A /* CatDetailsView.swift */ = {isa = PBXFileReference; lastKnownFileType = sourcecode.swift; path = CatDetailsView.swift; sourceTree = "<group>"; };
		8CA1D0E12C029FCA00C39C6A /* CatQualityView.swift */ = {isa = PBXFileReference; lastKnownFileType = sourcecode.swift; path = CatQualityView.swift; sourceTree = "<group>"; };
		8CA1D1122C03560900C39C6A /* CatsNetworking.framework */ = {isa = PBXFileReference; explicitFileType = wrapper.framework; path = CatsNetworking.framework; sourceTree = BUILT_PRODUCTS_DIR; };
/* End PBXFileReference section */

/* Begin PBXFrameworksBuildPhase section */
		8CA1D0A52C023D0500C39C6A /* Frameworks */ = {
			isa = PBXFrameworksBuildPhase;
			buildActionMask = 2147483647;
			files = (
				8CA1D0E02C02994800C39C6A /* WrappingHStack in Frameworks */,
				8C9864B32C054A75004211DC /* FirebaseAnalyticsWithoutAdIdSupport in Frameworks */,
				8C9864E32C054C81004211DC /* FirebasePerformance in Frameworks */,
				8C9864B72C054C81004211DC /* FirebaseAnalytics in Frameworks */,
				8C9864DD2C054C81004211DC /* FirebaseInstallations in Frameworks */,
				8C9864C12C054C81004211DC /* FirebaseAppDistribution-Beta in Frameworks */,
				8C9864EB2C054C81004211DC /* FirebaseStorageCombine-Community in Frameworks */,
				8C9864D92C054C81004211DC /* FirebaseInAppMessaging-Beta in Frameworks */,
				8C9864C52C054C81004211DC /* FirebaseAuthCombine-Community in Frameworks */,
				8C9864E92C054C81004211DC /* FirebaseStorage in Frameworks */,
				8C9864ED2C054C81004211DC /* FirebaseVertexAI-Preview in Frameworks */,
				8C9864D32C054C81004211DC /* FirebaseFirestoreSwift in Frameworks */,
				8C9864E72C054C81004211DC /* FirebaseRemoteConfigSwift in Frameworks */,
				8CA1D1132C03560900C39C6A /* CatsNetworking.framework in Frameworks */,
				8C9864DB2C054C81004211DC /* FirebaseInAppMessagingSwift-Beta in Frameworks */,
				8C9864D12C054C81004211DC /* FirebaseFirestoreCombine-Community in Frameworks */,
				8C9864E52C054C81004211DC /* FirebaseRemoteConfig in Frameworks */,
				8C9864C32C054C81004211DC /* FirebaseAuth in Frameworks */,
				8C9864C92C054C81004211DC /* FirebaseDatabase in Frameworks */,
				8C9864BF2C054C81004211DC /* FirebaseAppCheck in Frameworks */,
				8C9864BD2C054C81004211DC /* FirebaseAnalyticsWithoutAdIdSupport in Frameworks */,
				8C9864BB2C054C81004211DC /* FirebaseAnalyticsSwift in Frameworks */,
				8C9864B92C054C81004211DC /* FirebaseAnalyticsOnDeviceConversion in Frameworks */,
				8C9864CD2C054C81004211DC /* FirebaseDynamicLinks in Frameworks */,
				8C9864CF2C054C81004211DC /* FirebaseFirestore in Frameworks */,
				8C9864CB2C054C81004211DC /* FirebaseDatabaseSwift in Frameworks */,
				8C9864D52C054C81004211DC /* FirebaseFunctions in Frameworks */,
				8C9864AD2C054A75004211DC /* FirebaseAnalytics in Frameworks */,
				8C9864B52C054A75004211DC /* FirebaseAppCheck in Frameworks */,
				8C9864C72C054C81004211DC /* FirebaseCrashlytics in Frameworks */,
				8C9864AF2C054A75004211DC /* FirebaseAnalyticsOnDeviceConversion in Frameworks */,
				8C9864B12C054A75004211DC /* FirebaseAnalyticsSwift in Frameworks */,
				8C9864E12C054C81004211DC /* FirebaseMessaging in Frameworks */,
				8C9864D72C054C81004211DC /* FirebaseFunctionsCombine-Community in Frameworks */,
				8C9864DF2C054C81004211DC /* FirebaseMLModelDownloader in Frameworks */,
			);
			runOnlyForDeploymentPostprocessing = 0;
		};
/* End PBXFrameworksBuildPhase section */

/* Begin PBXGroup section */
		8CA1D09F2C023D0500C39C6A = {
			isa = PBXGroup;
			children = (
				8C9865832C062FFE004211DC /* GoogleService-Info.plist */,
				8C9864EF2C05F6E2004211DC /* README.md */,
				8CA1D0AA2C023D0500C39C6A /* CatsUI */,
				8CA1D0A92C023D0500C39C6A /* Products */,
				8CA1D0D92C024E1200C39C6A /* Frameworks */,
			);
			sourceTree = "<group>";
		};
		8CA1D0A92C023D0500C39C6A /* Products */ = {
			isa = PBXGroup;
			children = (
				8CA1D0A82C023D0500C39C6A /* CatsUI.app */,
			);
			name = Products;
			sourceTree = "<group>";
		};
		8CA1D0AA2C023D0500C39C6A /* CatsUI */ = {
			isa = PBXGroup;
			children = (
				8CA1D0E32C029FD200C39C6A /* views */,
				8CA1D0AB2C023D0500C39C6A /* CatsUIApp.swift */,
				8CA1D0AD2C023D0500C39C6A /* ContentView.swift */,
				8CA1D0AF2C023D0600C39C6A /* Assets.xcassets */,
				8CA1D0B12C023D0600C39C6A /* Preview Content */,
			);
			path = CatsUI;
			sourceTree = "<group>";
		};
		8CA1D0B12C023D0600C39C6A /* Preview Content */ = {
			isa = PBXGroup;
			children = (
				8CA1D0B22C023D0600C39C6A /* Preview Assets.xcassets */,
			);
			path = "Preview Content";
			sourceTree = "<group>";
		};
		8CA1D0D92C024E1200C39C6A /* Frameworks */ = {
			isa = PBXGroup;
			children = (
				8CA1D1122C03560900C39C6A /* CatsNetworking.framework */,
			);
			name = Frameworks;
			sourceTree = "<group>";
		};
		8CA1D0E32C029FD200C39C6A /* views */ = {
			isa = PBXGroup;
			children = (
				8CA1D0E12C029FCA00C39C6A /* CatQualityView.swift */,
				8CA1D0D52C024DF600C39C6A /* CatListView.swift */,
				8CA1D0D72C024DF900C39C6A /* CatTileView.swift */,
				8CA1D0DC2C025EE400C39C6A /* CatDetailsView.swift */,
			);
			path = views;
			sourceTree = "<group>";
		};
/* End PBXGroup section */

/* Begin PBXNativeTarget section */
		8CA1D0A72C023D0500C39C6A /* CatsUI */ = {
			isa = PBXNativeTarget;
			buildConfigurationList = 8CA1D0B62C023D0600C39C6A /* Build configuration list for PBXNativeTarget "CatsUI" */;
			buildPhases = (
				8CA1D0A42C023D0500C39C6A /* Sources */,
				8CA1D0A52C023D0500C39C6A /* Frameworks */,
				8CA1D0A62C023D0500C39C6A /* Resources */,
				8CA1D1152C03560900C39C6A /* Embed Frameworks */,
				8C9864EE2C054DB0004211DC /* Custom Send dSYMs to Crashlytics */,
			);
			buildRules = (
			);
			dependencies = (
			);
			name = CatsUI;
			packageProductDependencies = (
				8CA1D0DF2C02994800C39C6A /* WrappingHStack */,
				8C9864AC2C054A75004211DC /* FirebaseAnalytics */,
				8C9864AE2C054A75004211DC /* FirebaseAnalyticsOnDeviceConversion */,
				8C9864B02C054A75004211DC /* FirebaseAnalyticsSwift */,
				8C9864B22C054A75004211DC /* FirebaseAnalyticsWithoutAdIdSupport */,
				8C9864B42C054A75004211DC /* FirebaseAppCheck */,
				8C9864B62C054C81004211DC /* FirebaseAnalytics */,
				8C9864B82C054C81004211DC /* FirebaseAnalyticsOnDeviceConversion */,
				8C9864BA2C054C81004211DC /* FirebaseAnalyticsSwift */,
				8C9864BC2C054C81004211DC /* FirebaseAnalyticsWithoutAdIdSupport */,
				8C9864BE2C054C81004211DC /* FirebaseAppCheck */,
				8C9864C02C054C81004211DC /* FirebaseAppDistribution-Beta */,
				8C9864C22C054C81004211DC /* FirebaseAuth */,
				8C9864C42C054C81004211DC /* FirebaseAuthCombine-Community */,
				8C9864C62C054C81004211DC /* FirebaseCrashlytics */,
				8C9864C82C054C81004211DC /* FirebaseDatabase */,
				8C9864CA2C054C81004211DC /* FirebaseDatabaseSwift */,
				8C9864CC2C054C81004211DC /* FirebaseDynamicLinks */,
				8C9864CE2C054C81004211DC /* FirebaseFirestore */,
				8C9864D02C054C81004211DC /* FirebaseFirestoreCombine-Community */,
				8C9864D22C054C81004211DC /* FirebaseFirestoreSwift */,
				8C9864D42C054C81004211DC /* FirebaseFunctions */,
				8C9864D62C054C81004211DC /* FirebaseFunctionsCombine-Community */,
				8C9864D82C054C81004211DC /* FirebaseInAppMessaging-Beta */,
				8C9864DA2C054C81004211DC /* FirebaseInAppMessagingSwift-Beta */,
				8C9864DC2C054C81004211DC /* FirebaseInstallations */,
				8C9864DE2C054C81004211DC /* FirebaseMLModelDownloader */,
				8C9864E02C054C81004211DC /* FirebaseMessaging */,
				8C9864E22C054C81004211DC /* FirebasePerformance */,
				8C9864E42C054C81004211DC /* FirebaseRemoteConfig */,
				8C9864E62C054C81004211DC /* FirebaseRemoteConfigSwift */,
				8C9864E82C054C81004211DC /* FirebaseStorage */,
				8C9864EA2C054C81004211DC /* FirebaseStorageCombine-Community */,
				8C9864EC2C054C81004211DC /* FirebaseVertexAI-Preview */,
			);
			productName = CatsUI;
			productReference = 8CA1D0A82C023D0500C39C6A /* CatsUI.app */;
			productType = "com.apple.product-type.application";
		};
/* End PBXNativeTarget section */

/* Begin PBXProject section */
		8CA1D0A02C023D0500C39C6A /* Project object */ = {
			isa = PBXProject;
			attributes = {
				BuildIndependentTargetsInParallel = 1;
				LastSwiftUpdateCheck = 1500;
				LastUpgradeCheck = 1500;
				TargetAttributes = {
					8CA1D0A72C023D0500C39C6A = {
						CreatedOnToolsVersion = 15.0;
					};
				};
			};
			buildConfigurationList = 8CA1D0A32C023D0500C39C6A /* Build configuration list for PBXProject "CatsUI" */;
			compatibilityVersion = "Xcode 14.0";
			developmentRegion = en;
			hasScannedForEncodings = 0;
			knownRegions = (
				en,
				Base,
			);
			mainGroup = 8CA1D09F2C023D0500C39C6A;
			packageReferences = (
				8CA1D0DE2C02994800C39C6A /* XCRemoteSwiftPackageReference "WrappingHStack" */,
				8C9864AB2C054A75004211DC /* XCRemoteSwiftPackageReference "firebase-ios-sdk" */,
			);
			productRefGroup = 8CA1D0A92C023D0500C39C6A /* Products */;
			projectDirPath = "";
			projectRoot = "";
			targets = (
				8CA1D0A72C023D0500C39C6A /* CatsUI */,
			);
		};
/* End PBXProject section */

/* Begin PBXResourcesBuildPhase section */
		8CA1D0A62C023D0500C39C6A /* Resources */ = {
			isa = PBXResourcesBuildPhase;
			buildActionMask = 2147483647;
			files = (
				8CA1D0B32C023D0600C39C6A /* Preview Assets.xcassets in Resources */,
				8C9865842C062FFE004211DC /* GoogleService-Info.plist in Resources */,
				8CA1D0B02C023D0600C39C6A /* Assets.xcassets in Resources */,
				8C9864F02C05F6E2004211DC /* README.md in Resources */,
			);
			runOnlyForDeploymentPostprocessing = 0;
		};
/* End PBXResourcesBuildPhase section */

/* Begin PBXShellScriptBuildPhase section */
		8C9864EE2C054DB0004211DC /* Custom Send dSYMs to Crashlytics */ = {
			isa = PBXShellScriptBuildPhase;
			alwaysOutOfDate = 1;
			buildActionMask = 2147483647;
			files = (
			);
			inputFileListPaths = (
			);
			inputPaths = (
				"${DWARF_DSYM_FOLDER_PATH}/${DWARF_DSYM_FILE_NAME}",
				"${DWARF_DSYM_FOLDER_PATH}/${DWARF_DSYM_FILE_NAME}/Contents/Resources/DWARF/${PRODUCT_NAME}",
				"${DWARF_DSYM_FOLDER_PATH}/${DWARF_DSYM_FILE_NAME}/Contents/Info.plist",
				"$(TARGET_BUILD_DIR)/$(UNLOCALIZED_RESOURCES_FOLDER_PATH)/GoogleService-Info.plist",
				"$(TARGET_BUILD_DIR)/$(EXECUTABLE_PATH)",
			);
			name = "Custom Send dSYMs to Crashlytics";
			outputFileListPaths = (
			);
			outputPaths = (
			);
			runOnlyForDeploymentPostprocessing = 0;
			shellPath = /bin/sh;
			shellScript = "# Type a script or drag a script file from your workspace to insert its path.\n\"${BUILD_DIR%/Build/*}/SourcePackages/checkouts/firebase-ios-sdk/Crashlytics/run\"\n";
		};
/* End PBXShellScriptBuildPhase section */

/* Begin PBXSourcesBuildPhase section */
		8CA1D0A42C023D0500C39C6A /* Sources */ = {
			isa = PBXSourcesBuildPhase;
			buildActionMask = 2147483647;
			files = (
				8CA1D0E22C029FCA00C39C6A /* CatQualityView.swift in Sources */,
				8CA1D0DD2C025EE400C39C6A /* CatDetailsView.swift in Sources */,
				8CA1D0AE2C023D0500C39C6A /* ContentView.swift in Sources */,
				8CA1D0D82C024DF900C39C6A /* CatTileView.swift in Sources */,
				8CA1D0D62C024DF600C39C6A /* CatListView.swift in Sources */,
				8CA1D0AC2C023D0500C39C6A /* CatsUIApp.swift in Sources */,
			);
			runOnlyForDeploymentPostprocessing = 0;
		};
/* End PBXSourcesBuildPhase section */

/* Begin XCBuildConfiguration section */
		8CA1D0B42C023D0600C39C6A /* Debug */ = {
			isa = XCBuildConfiguration;
			buildSettings = {
				ALWAYS_SEARCH_USER_PATHS = NO;
				ASSETCATALOG_COMPILER_GENERATE_SWIFT_ASSET_SYMBOL_EXTENSIONS = YES;
				CLANG_ANALYZER_NONNULL = YES;
				CLANG_ANALYZER_NUMBER_OBJECT_CONVERSION = YES_AGGRESSIVE;
				CLANG_CXX_LANGUAGE_STANDARD = "gnu++20";
				CLANG_ENABLE_MODULES = YES;
				CLANG_ENABLE_OBJC_ARC = YES;
				CLANG_ENABLE_OBJC_WEAK = YES;
				CLANG_WARN_BLOCK_CAPTURE_AUTORELEASING = YES;
				CLANG_WARN_BOOL_CONVERSION = YES;
				CLANG_WARN_COMMA = YES;
				CLANG_WARN_CONSTANT_CONVERSION = YES;
				CLANG_WARN_DEPRECATED_OBJC_IMPLEMENTATIONS = YES;
				CLANG_WARN_DIRECT_OBJC_ISA_USAGE = YES_ERROR;
				CLANG_WARN_DOCUMENTATION_COMMENTS = YES;
				CLANG_WARN_EMPTY_BODY = YES;
				CLANG_WARN_ENUM_CONVERSION = YES;
				CLANG_WARN_INFINITE_RECURSION = YES;
				CLANG_WARN_INT_CONVERSION = YES;
				CLANG_WARN_NON_LITERAL_NULL_CONVERSION = YES;
				CLANG_WARN_OBJC_IMPLICIT_RETAIN_SELF = YES;
				CLANG_WARN_OBJC_LITERAL_CONVERSION = YES;
				CLANG_WARN_OBJC_ROOT_CLASS = YES_ERROR;
				CLANG_WARN_QUOTED_INCLUDE_IN_FRAMEWORK_HEADER = YES;
				CLANG_WARN_RANGE_LOOP_ANALYSIS = YES;
				CLANG_WARN_STRICT_PROTOTYPES = YES;
				CLANG_WARN_SUSPICIOUS_MOVE = YES;
				CLANG_WARN_UNGUARDED_AVAILABILITY = YES_AGGRESSIVE;
				CLANG_WARN_UNREACHABLE_CODE = YES;
				CLANG_WARN__DUPLICATE_METHOD_MATCH = YES;
				COPY_PHASE_STRIP = NO;
				DEBUG_INFORMATION_FORMAT = dwarf;
				ENABLE_STRICT_OBJC_MSGSEND = YES;
				ENABLE_TESTABILITY = YES;
				ENABLE_USER_SCRIPT_SANDBOXING = YES;
				GCC_C_LANGUAGE_STANDARD = gnu17;
				GCC_DYNAMIC_NO_PIC = NO;
				GCC_NO_COMMON_BLOCKS = YES;
				GCC_OPTIMIZATION_LEVEL = 0;
				GCC_PREPROCESSOR_DEFINITIONS = (
					"DEBUG=1",
					"$(inherited)",
				);
				GCC_WARN_64_TO_32_BIT_CONVERSION = YES;
				GCC_WARN_ABOUT_RETURN_TYPE = YES_ERROR;
				GCC_WARN_UNDECLARED_SELECTOR = YES;
				GCC_WARN_UNINITIALIZED_AUTOS = YES_AGGRESSIVE;
				GCC_WARN_UNUSED_FUNCTION = YES;
				GCC_WARN_UNUSED_VARIABLE = YES;
				IPHONEOS_DEPLOYMENT_TARGET = 17.0;
				LOCALIZATION_PREFERS_STRING_CATALOGS = YES;
				MTL_ENABLE_DEBUG_INFO = INCLUDE_SOURCE;
				MTL_FAST_MATH = YES;
				ONLY_ACTIVE_ARCH = YES;
				SDKROOT = iphoneos;
				SWIFT_ACTIVE_COMPILATION_CONDITIONS = "DEBUG $(inherited)";
				SWIFT_OPTIMIZATION_LEVEL = "-Onone";
			};
			name = Debug;
		};
		8CA1D0B52C023D0600C39C6A /* Release */ = {
			isa = XCBuildConfiguration;
			buildSettings = {
				ALWAYS_SEARCH_USER_PATHS = NO;
				ASSETCATALOG_COMPILER_GENERATE_SWIFT_ASSET_SYMBOL_EXTENSIONS = YES;
				CLANG_ANALYZER_NONNULL = YES;
				CLANG_ANALYZER_NUMBER_OBJECT_CONVERSION = YES_AGGRESSIVE;
				CLANG_CXX_LANGUAGE_STANDARD = "gnu++20";
				CLANG_ENABLE_MODULES = YES;
				CLANG_ENABLE_OBJC_ARC = YES;
				CLANG_ENABLE_OBJC_WEAK = YES;
				CLANG_WARN_BLOCK_CAPTURE_AUTORELEASING = YES;
				CLANG_WARN_BOOL_CONVERSION = YES;
				CLANG_WARN_COMMA = YES;
				CLANG_WARN_CONSTANT_CONVERSION = YES;
				CLANG_WARN_DEPRECATED_OBJC_IMPLEMENTATIONS = YES;
				CLANG_WARN_DIRECT_OBJC_ISA_USAGE = YES_ERROR;
				CLANG_WARN_DOCUMENTATION_COMMENTS = YES;
				CLANG_WARN_EMPTY_BODY = YES;
				CLANG_WARN_ENUM_CONVERSION = YES;
				CLANG_WARN_INFINITE_RECURSION = YES;
				CLANG_WARN_INT_CONVERSION = YES;
				CLANG_WARN_NON_LITERAL_NULL_CONVERSION = YES;
				CLANG_WARN_OBJC_IMPLICIT_RETAIN_SELF = YES;
				CLANG_WARN_OBJC_LITERAL_CONVERSION = YES;
				CLANG_WARN_OBJC_ROOT_CLASS = YES_ERROR;
				CLANG_WARN_QUOTED_INCLUDE_IN_FRAMEWORK_HEADER = YES;
				CLANG_WARN_RANGE_LOOP_ANALYSIS = YES;
				CLANG_WARN_STRICT_PROTOTYPES = YES;
				CLANG_WARN_SUSPICIOUS_MOVE = YES;
				CLANG_WARN_UNGUARDED_AVAILABILITY = YES_AGGRESSIVE;
				CLANG_WARN_UNREACHABLE_CODE = YES;
				CLANG_WARN__DUPLICATE_METHOD_MATCH = YES;
				COPY_PHASE_STRIP = NO;
				DEBUG_INFORMATION_FORMAT = "dwarf-with-dsym";
				ENABLE_NS_ASSERTIONS = NO;
				ENABLE_STRICT_OBJC_MSGSEND = YES;
				ENABLE_USER_SCRIPT_SANDBOXING = YES;
				GCC_C_LANGUAGE_STANDARD = gnu17;
				GCC_NO_COMMON_BLOCKS = YES;
				GCC_WARN_64_TO_32_BIT_CONVERSION = YES;
				GCC_WARN_ABOUT_RETURN_TYPE = YES_ERROR;
				GCC_WARN_UNDECLARED_SELECTOR = YES;
				GCC_WARN_UNINITIALIZED_AUTOS = YES_AGGRESSIVE;
				GCC_WARN_UNUSED_FUNCTION = YES;
				GCC_WARN_UNUSED_VARIABLE = YES;
				IPHONEOS_DEPLOYMENT_TARGET = 17.0;
				LOCALIZATION_PREFERS_STRING_CATALOGS = YES;
				MTL_ENABLE_DEBUG_INFO = NO;
				MTL_FAST_MATH = YES;
				SDKROOT = iphoneos;
				SWIFT_COMPILATION_MODE = wholemodule;
				VALIDATE_PRODUCT = YES;
			};
			name = Release;
		};
		8CA1D0B72C023D0600C39C6A /* Debug */ = {
			isa = XCBuildConfiguration;
			buildSettings = {
				ASSETCATALOG_COMPILER_APPICON_NAME = AppIcon;
				ASSETCATALOG_COMPILER_GLOBAL_ACCENT_COLOR_NAME = AccentColor;
				CODE_SIGN_IDENTITY = "Apple Development";
				"CODE_SIGN_IDENTITY[sdk=iphoneos*]" = "iPhone Developer";
				CODE_SIGN_STYLE = Manual;
				CURRENT_PROJECT_VERSION = 1;
				DEBUG_INFORMATION_FORMAT = "dwarf-with-dsym";
				DEVELOPMENT_ASSET_PATHS = "\"CatsUI/Preview Content\"";
				DEVELOPMENT_TEAM = "";
				"DEVELOPMENT_TEAM[sdk=iphoneos*]" = D85QWSUNYA;
				ENABLE_PREVIEWS = YES;
				GENERATE_INFOPLIST_FILE = YES;
				INFOPLIST_KEY_UIApplicationSceneManifest_Generation = YES;
				INFOPLIST_KEY_UIApplicationSupportsIndirectInputEvents = YES;
				INFOPLIST_KEY_UILaunchScreen_Generation = YES;
				INFOPLIST_KEY_UISupportedInterfaceOrientations_iPad = "UIInterfaceOrientationPortrait UIInterfaceOrientationPortraitUpsideDown UIInterfaceOrientationLandscapeLeft UIInterfaceOrientationLandscapeRight";
				INFOPLIST_KEY_UISupportedInterfaceOrientations_iPhone = "UIInterfaceOrientationPortrait UIInterfaceOrientationLandscapeLeft UIInterfaceOrientationLandscapeRight";
				LD_RUNPATH_SEARCH_PATHS = (
					"$(inherited)",
					"@executable_path/Frameworks",
				);
				MARKETING_VERSION = 1.0;
				OTHER_LDFLAGS = "-ObjC";
				PRODUCT_BUNDLE_IDENTIFIER = "ua.edu.ukma.apple-env.verkhohliad.CatsUI";
				PRODUCT_NAME = "$(TARGET_NAME)";
				PROVISIONING_PROFILE_SPECIFIER = "";
				"PROVISIONING_PROFILE_SPECIFIER[sdk=iphoneos*]" = "Apple-ENV Vekhohliad Profile";
				SUPPORTED_PLATFORMS = "iphoneos iphonesimulator";
				SUPPORTS_MACCATALYST = NO;
				SUPPORTS_MAC_DESIGNED_FOR_IPHONE_IPAD = NO;
				SWIFT_EMIT_LOC_STRINGS = YES;
				SWIFT_VERSION = 5.0;
				TARGETED_DEVICE_FAMILY = "1,2";
			};
			name = Debug;
		};
		8CA1D0B82C023D0600C39C6A /* Release */ = {
			isa = XCBuildConfiguration;
			buildSettings = {
				ASSETCATALOG_COMPILER_APPICON_NAME = AppIcon;
				ASSETCATALOG_COMPILER_GLOBAL_ACCENT_COLOR_NAME = AccentColor;
				CODE_SIGN_IDENTITY = "Apple Development";
				"CODE_SIGN_IDENTITY[sdk=iphoneos*]" = "iPhone Developer";
				CODE_SIGN_STYLE = Manual;
				CURRENT_PROJECT_VERSION = 1;
				DEVELOPMENT_ASSET_PATHS = "\"CatsUI/Preview Content\"";
				DEVELOPMENT_TEAM = "";
				"DEVELOPMENT_TEAM[sdk=iphoneos*]" = D85QWSUNYA;
				ENABLE_PREVIEWS = YES;
				GENERATE_INFOPLIST_FILE = YES;
				INFOPLIST_KEY_UIApplicationSceneManifest_Generation = YES;
				INFOPLIST_KEY_UIApplicationSupportsIndirectInputEvents = YES;
				INFOPLIST_KEY_UILaunchScreen_Generation = YES;
				INFOPLIST_KEY_UISupportedInterfaceOrientations_iPad = "UIInterfaceOrientationPortrait UIInterfaceOrientationPortraitUpsideDown UIInterfaceOrientationLandscapeLeft UIInterfaceOrientationLandscapeRight";
				INFOPLIST_KEY_UISupportedInterfaceOrientations_iPhone = "UIInterfaceOrientationPortrait UIInterfaceOrientationLandscapeLeft UIInterfaceOrientationLandscapeRight";
				LD_RUNPATH_SEARCH_PATHS = (
					"$(inherited)",
					"@executable_path/Frameworks",
				);
				MARKETING_VERSION = 1.0;
				OTHER_LDFLAGS = "-ObjC";
				PRODUCT_BUNDLE_IDENTIFIER = "ua.edu.ukma.apple-env.verkhohliad.CatsUI";
				PRODUCT_NAME = "$(TARGET_NAME)";
				PROVISIONING_PROFILE_SPECIFIER = "";
				"PROVISIONING_PROFILE_SPECIFIER[sdk=iphoneos*]" = "Apple-ENV Vekhohliad Profile";
				SUPPORTED_PLATFORMS = "iphoneos iphonesimulator";
				SUPPORTS_MACCATALYST = NO;
				SUPPORTS_MAC_DESIGNED_FOR_IPHONE_IPAD = NO;
				SWIFT_EMIT_LOC_STRINGS = YES;
				SWIFT_VERSION = 5.0;
				TARGETED_DEVICE_FAMILY = "1,2";
			};
			name = Release;
		};
/* End XCBuildConfiguration section */

/* Begin XCConfigurationList section */
		8CA1D0A32C023D0500C39C6A /* Build configuration list for PBXProject "CatsUI" */ = {
			isa = XCConfigurationList;
			buildConfigurations = (
				8CA1D0B42C023D0600C39C6A /* Debug */,
				8CA1D0B52C023D0600C39C6A /* Release */,
			);
			defaultConfigurationIsVisible = 0;
			defaultConfigurationName = Release;
		};
		8CA1D0B62C023D0600C39C6A /* Build configuration list for PBXNativeTarget "CatsUI" */ = {
			isa = XCConfigurationList;
			buildConfigurations = (
				8CA1D0B72C023D0600C39C6A /* Debug */,
				8CA1D0B82C023D0600C39C6A /* Release */,
			);
			defaultConfigurationIsVisible = 0;
			defaultConfigurationName = Release;
		};
/* End XCConfigurationList section */

/* Begin XCRemoteSwiftPackageReference section */
		8C9864AB2C054A75004211DC /* XCRemoteSwiftPackageReference "firebase-ios-sdk" */ = {
			isa = XCRemoteSwiftPackageReference;
			repositoryURL = "https://github.com/firebase/firebase-ios-sdk";
			requirement = {
				kind = upToNextMajorVersion;
				minimumVersion = 10.26.0;
			};
		};
		8CA1D0DE2C02994800C39C6A /* XCRemoteSwiftPackageReference "WrappingHStack" */ = {
			isa = XCRemoteSwiftPackageReference;
			repositoryURL = "https://github.com/dkk/WrappingHStack";
			requirement = {
				kind = upToNextMajorVersion;
				minimumVersion = 2.2.11;
			};
		};
/* End XCRemoteSwiftPackageReference section */

/* Begin XCSwiftPackageProductDependency section */
		8C9864AC2C054A75004211DC /* FirebaseAnalytics */ = {
			isa = XCSwiftPackageProductDependency;
			package = 8C9864AB2C054A75004211DC /* XCRemoteSwiftPackageReference "firebase-ios-sdk" */;
			productName = FirebaseAnalytics;
		};
		8C9864AE2C054A75004211DC /* FirebaseAnalyticsOnDeviceConversion */ = {
			isa = XCSwiftPackageProductDependency;
			package = 8C9864AB2C054A75004211DC /* XCRemoteSwiftPackageReference "firebase-ios-sdk" */;
			productName = FirebaseAnalyticsOnDeviceConversion;
		};
		8C9864B02C054A75004211DC /* FirebaseAnalyticsSwift */ = {
			isa = XCSwiftPackageProductDependency;
			package = 8C9864AB2C054A75004211DC /* XCRemoteSwiftPackageReference "firebase-ios-sdk" */;
			productName = FirebaseAnalyticsSwift;
		};
		8C9864B22C054A75004211DC /* FirebaseAnalyticsWithoutAdIdSupport */ = {
			isa = XCSwiftPackageProductDependency;
			package = 8C9864AB2C054A75004211DC /* XCRemoteSwiftPackageReference "firebase-ios-sdk" */;
			productName = FirebaseAnalyticsWithoutAdIdSupport;
		};
		8C9864B42C054A75004211DC /* FirebaseAppCheck */ = {
			isa = XCSwiftPackageProductDependency;
			package = 8C9864AB2C054A75004211DC /* XCRemoteSwiftPackageReference "firebase-ios-sdk" */;
			productName = FirebaseAppCheck;
		};
		8C9864B62C054C81004211DC /* FirebaseAnalytics */ = {
			isa = XCSwiftPackageProductDependency;
			productName = FirebaseAnalytics;
		};
		8C9864B82C054C81004211DC /* FirebaseAnalyticsOnDeviceConversion */ = {
			isa = XCSwiftPackageProductDependency;
			productName = FirebaseAnalyticsOnDeviceConversion;
		};
		8C9864BA2C054C81004211DC /* FirebaseAnalyticsSwift */ = {
			isa = XCSwiftPackageProductDependency;
			productName = FirebaseAnalyticsSwift;
		};
		8C9864BC2C054C81004211DC /* FirebaseAnalyticsWithoutAdIdSupport */ = {
			isa = XCSwiftPackageProductDependency;
			productName = FirebaseAnalyticsWithoutAdIdSupport;
		};
		8C9864BE2C054C81004211DC /* FirebaseAppCheck */ = {
			isa = XCSwiftPackageProductDependency;
			productName = FirebaseAppCheck;
		};
		8C9864C02C054C81004211DC /* FirebaseAppDistribution-Beta */ = {
			isa = XCSwiftPackageProductDependency;
			productName = "FirebaseAppDistribution-Beta";
		};
		8C9864C22C054C81004211DC /* FirebaseAuth */ = {
			isa = XCSwiftPackageProductDependency;
			productName = FirebaseAuth;
		};
		8C9864C42C054C81004211DC /* FirebaseAuthCombine-Community */ = {
			isa = XCSwiftPackageProductDependency;
			productName = "FirebaseAuthCombine-Community";
		};
		8C9864C62C054C81004211DC /* FirebaseCrashlytics */ = {
			isa = XCSwiftPackageProductDependency;
			productName = FirebaseCrashlytics;
		};
		8C9864C82C054C81004211DC /* FirebaseDatabase */ = {
			isa = XCSwiftPackageProductDependency;
			productName = FirebaseDatabase;
		};
		8C9864CA2C054C81004211DC /* FirebaseDatabaseSwift */ = {
			isa = XCSwiftPackageProductDependency;
			productName = FirebaseDatabaseSwift;
		};
		8C9864CC2C054C81004211DC /* FirebaseDynamicLinks */ = {
			isa = XCSwiftPackageProductDependency;
			productName = FirebaseDynamicLinks;
		};
		8C9864CE2C054C81004211DC /* FirebaseFirestore */ = {
			isa = XCSwiftPackageProductDependency;
			productName = FirebaseFirestore;
		};
		8C9864D02C054C81004211DC /* FirebaseFirestoreCombine-Community */ = {
			isa = XCSwiftPackageProductDependency;
			productName = "FirebaseFirestoreCombine-Community";
		};
		8C9864D22C054C81004211DC /* FirebaseFirestoreSwift */ = {
			isa = XCSwiftPackageProductDependency;
			productName = FirebaseFirestoreSwift;
		};
		8C9864D42C054C81004211DC /* FirebaseFunctions */ = {
			isa = XCSwiftPackageProductDependency;
			productName = FirebaseFunctions;
		};
		8C9864D62C054C81004211DC /* FirebaseFunctionsCombine-Community */ = {
			isa = XCSwiftPackageProductDependency;
			productName = "FirebaseFunctionsCombine-Community";
		};
		8C9864D82C054C81004211DC /* FirebaseInAppMessaging-Beta */ = {
			isa = XCSwiftPackageProductDependency;
			productName = "FirebaseInAppMessaging-Beta";
		};
		8C9864DA2C054C81004211DC /* FirebaseInAppMessagingSwift-Beta */ = {
			isa = XCSwiftPackageProductDependency;
			productName = "FirebaseInAppMessagingSwift-Beta";
		};
		8C9864DC2C054C81004211DC /* FirebaseInstallations */ = {
			isa = XCSwiftPackageProductDependency;
			productName = FirebaseInstallations;
		};
		8C9864DE2C054C81004211DC /* FirebaseMLModelDownloader */ = {
			isa = XCSwiftPackageProductDependency;
			productName = FirebaseMLModelDownloader;
		};
		8C9864E02C054C81004211DC /* FirebaseMessaging */ = {
			isa = XCSwiftPackageProductDependency;
			productName = FirebaseMessaging;
		};
		8C9864E22C054C81004211DC /* FirebasePerformance */ = {
			isa = XCSwiftPackageProductDependency;
			productName = FirebasePerformance;
		};
		8C9864E42C054C81004211DC /* FirebaseRemoteConfig */ = {
			isa = XCSwiftPackageProductDependency;
			productName = FirebaseRemoteConfig;
		};
		8C9864E62C054C81004211DC /* FirebaseRemoteConfigSwift */ = {
			isa = XCSwiftPackageProductDependency;
			productName = FirebaseRemoteConfigSwift;
		};
		8C9864E82C054C81004211DC /* FirebaseStorage */ = {
			isa = XCSwiftPackageProductDependency;
			productName = FirebaseStorage;
		};
		8C9864EA2C054C81004211DC /* FirebaseStorageCombine-Community */ = {
			isa = XCSwiftPackageProductDependency;
			productName = "FirebaseStorageCombine-Community";
		};
		8C9864EC2C054C81004211DC /* FirebaseVertexAI-Preview */ = {
			isa = XCSwiftPackageProductDependency;
			productName = "FirebaseVertexAI-Preview";
		};
		8CA1D0DF2C02994800C39C6A /* WrappingHStack */ = {
			isa = XCSwiftPackageProductDependency;
			package = 8CA1D0DE2C02994800C39C6A /* XCRemoteSwiftPackageReference "WrappingHStack" */;
			productName = WrappingHStack;
		};
/* End XCSwiftPackageProductDependency section */
	};
	rootObject = 8CA1D0A02C023D0500C39C6A /* Project object */;
}
